
Microsoft Visual Studio Solution File, Format Version 12.00
# Visual Studio Version 16
VisualStudioVersion = 16.0.30907.101
MinimumVisualStudioVersion = 10.0.40219.1
Project("{FAE04EC0-301F-11D3-BF4B-00C04F79EFBC}") = "DataAccess", "DataAccess\DataAccess.csproj", "{9F5D0EF3-A127-4D40-B0AE-162DD8F3CFCB}"
EndProject
Project("{FAE04EC0-301F-11D3-BF4B-00C04F79EFBC}") = "Business", "Business\Business.csproj", "{171F5571-D688-4F05-B42A-409DFBD4E434}"
EndProject
Project("{FAE04EC0-301F-11D3-BF4B-00C04F79EFBC}") = "ConsoleUI", "ConsoleUI\ConsoleUI.csproj", "{C8521F81-DF5D-4315-A60D-2277994352A8}"
EndProject
Project("{FAE04EC0-301F-11D3-BF4B-00C04F79EFBC}") = "Entities", "Entities\Entities.csproj", "{746B50B7-10BD-41CD-9EA2-E3DC44A1B999}"
EndProject
Global
	GlobalSection(SolutionConfigurationPlatforms) = preSolution
		Debug|Any CPU = Debug|Any CPU
		Release|Any CPU = Release|Any CPU
	EndGlobalSection
	GlobalSection(ProjectConfigurationPlatforms) = postSolution
		{9F5D0EF3-A127-4D40-B0AE-162DD8F3CFCB}.Debug|Any CPU.ActiveCfg = Debug|Any CPU
		{9F5D0EF3-A127-4D40-B0AE-162DD8F3CFCB}.Debug|Any CPU.Build.0 = Debug|Any CPU
		{9F5D0EF3-A127-4D40-B0AE-162DD8F3CFCB}.Release|Any CPU.ActiveCfg = Release|Any CPU
		{9F5D0EF3-A127-4D40-B0AE-162DD8F3CFCB}.Release|Any CPU.Build.0 = Release|Any CPU
		{171F5571-D688-4F05-B42A-409DFBD4E434}.Debug|Any CPU.ActiveCfg = Debug|Any CPU
		{171F5571-D688-4F05-B42A-409DFBD4E434}.Debug|Any CPU.Build.0 = Debug|Any CPU
		{171F5571-D688-4F05-B42A-409DFBD4E434}.Release|Any CPU.ActiveCfg = Release|Any CPU
		{171F5571-D688-4F05-B42A-409DFBD4E434}.Release|Any CPU.Build.0 = Release|Any CPU
		{C8521F81-DF5D-4315-A60D-2277994352A8}.Debug|Any CPU.ActiveCfg = Debug|Any CPU
		{C8521F81-DF5D-4315-A60D-2277994352A8}.Debug|Any CPU.Build.0 = Debug|Any CPU
		{C8521F81-DF5D-4315-A60D-2277994352A8}.Release|Any CPU.ActiveCfg = Release|Any CPU
		{C8521F81-DF5D-4315-A60D-2277994352A8}.Release|Any CPU.Build.0 = Release|Any CPU
		{746B50B7-10BD-41CD-9EA2-E3DC44A1B999}.Debug|Any CPU.ActiveCfg = Debug|Any CPU
		{746B50B7-10BD-41CD-9EA2-E3DC44A1B999}.Debug|Any CPU.Build.0 = Debug|Any CPU
		{746B50B7-10BD-41CD-9EA2-E3DC44A1B999}.Release|Any CPU.ActiveCfg = Release|Any CPU
		{746B50B7-10BD-41CD-9EA2-E3DC44A1B999}.Release|Any CPU.Build.0 = Release|Any CPU
	EndGlobalSection
	GlobalSection(SolutionProperties) = preSolution
		HideSolutionNode = FALSE
	EndGlobalSection
	GlobalSection(ExtensibilityGlobals) = postSolution
		SolutionGuid = {34C2F156-C5F9-47F2-AEAC-43B56E01CA74}
	EndGlobalSection
EndGlobal
